// !$*UTF8*$!
{
	archiveVersion = 1;
	classes = {
	};
	objectVersion = 46;
	objects = {

/* Begin PBXBuildFile section */
		6B3F35FE1DC561CD00C189FE /* test_marvel_util.swift in Sources */ = {isa = PBXBuildFile; fileRef = 6B3F35FD1DC561CD00C189FE /* test_marvel_util.swift */; };
		6B3F36011DC569B500C189FE /* MarvelApiUtil.swift in Sources */ = {isa = PBXBuildFile; fileRef = 6BBBC5441DC4E38900959365 /* MarvelApiUtil.swift */; };
		6B3F36031DC56CA500C189FE /* Keys.plist in Resources */ = {isa = PBXBuildFile; fileRef = 6B3F36021DC56CA500C189FE /* Keys.plist */; };
		6B3F36041DC56CA500C189FE /* Keys.plist in Resources */ = {isa = PBXBuildFile; fileRef = 6B3F36021DC56CA500C189FE /* Keys.plist */; };
		6BBBC5231DC4E2F900959365 /* AppDelegate.swift in Sources */ = {isa = PBXBuildFile; fileRef = 6BBBC5221DC4E2F900959365 /* AppDelegate.swift */; };
		6BBBC5251DC4E2F900959365 /* ViewController.swift in Sources */ = {isa = PBXBuildFile; fileRef = 6BBBC5241DC4E2F900959365 /* ViewController.swift */; };
		6BBBC5281DC4E2F900959365 /* Main.storyboard in Resources */ = {isa = PBXBuildFile; fileRef = 6BBBC5261DC4E2F900959365 /* Main.storyboard */; };
		6BBBC52A1DC4E2F900959365 /* Assets.xcassets in Resources */ = {isa = PBXBuildFile; fileRef = 6BBBC5291DC4E2F900959365 /* Assets.xcassets */; };
		6BBBC52D1DC4E2F900959365 /* LaunchScreen.storyboard in Resources */ = {isa = PBXBuildFile; fileRef = 6BBBC52B1DC4E2F900959365 /* LaunchScreen.storyboard */; };
		6BBBC5451DC4E38900959365 /* MarvelApiUtil.swift in Sources */ = {isa = PBXBuildFile; fileRef = 6BBBC5441DC4E38900959365 /* MarvelApiUtil.swift */; };
/* End PBXBuildFile section */

/* Begin PBXContainerItemProxy section */
		6BBBC5341DC4E2F900959365 /* PBXContainerItemProxy */ = {
			isa = PBXContainerItemProxy;
			containerPortal = 6BBBC5171DC4E2F800959365 /* Project object */;
			proxyType = 1;
			remoteGlobalIDString = 6BBBC51E1DC4E2F800959365;
			remoteInfo = "marvel-api-test";
		};
/* End PBXContainerItemProxy section */

/* Begin PBXFileReference section */
		6B3F35FD1DC561CD00C189FE /* test_marvel_util.swift */ = {isa = PBXFileReference; fileEncoding = 4; lastKnownFileType = sourcecode.swift; path = test_marvel_util.swift; sourceTree = "<group>"; };
		6B3F36021DC56CA500C189FE /* Keys.plist */ = {isa = PBXFileReference; fileEncoding = 4; lastKnownFileType = text.plist.xml; name = Keys.plist; path = "../../marvel-world/marvel-world/Keys.plist"; sourceTree = "<group>"; };
		6BBBC51F1DC4E2F800959365 /* marvel-api-test.app */ = {isa = PBXFileReference; explicitFileType = wrapper.application; includeInIndex = 0; path = "marvel-api-test.app"; sourceTree = BUILT_PRODUCTS_DIR; };
		6BBBC5221DC4E2F900959365 /* AppDelegate.swift */ = {isa = PBXFileReference; lastKnownFileType = sourcecode.swift; path = AppDelegate.swift; sourceTree = "<group>"; };
		6BBBC5241DC4E2F900959365 /* ViewController.swift */ = {isa = PBXFileReference; lastKnownFileType = sourcecode.swift; path = ViewController.swift; sourceTree = "<group>"; };
		6BBBC5271DC4E2F900959365 /* Base */ = {isa = PBXFileReference; lastKnownFileType = file.storyboard; name = Base; path = Base.lproj/Main.storyboard; sourceTree = "<group>"; };
		6BBBC5291DC4E2F900959365 /* Assets.xcassets */ = {isa = PBXFileReference; lastKnownFileType = folder.assetcatalog; path = Assets.xcassets; sourceTree = "<group>"; };
		6BBBC52C1DC4E2F900959365 /* Base */ = {isa = PBXFileReference; lastKnownFileType = file.storyboard; name = Base; path = Base.lproj/LaunchScreen.storyboard; sourceTree = "<group>"; };
		6BBBC52E1DC4E2F900959365 /* Info.plist */ = {isa = PBXFileReference; lastKnownFileType = text.plist.xml; path = Info.plist; sourceTree = "<group>"; };
		6BBBC5331DC4E2F900959365 /* marvel-api-testTests.xctest */ = {isa = PBXFileReference; explicitFileType = wrapper.cfbundle; includeInIndex = 0; path = "marvel-api-testTests.xctest"; sourceTree = BUILT_PRODUCTS_DIR; };
		6BBBC5391DC4E2F900959365 /* Info.plist */ = {isa = PBXFileReference; lastKnownFileType = text.plist.xml; path = Info.plist; sourceTree = "<group>"; };
		6BBBC5441DC4E38900959365 /* MarvelApiUtil.swift */ = {isa = PBXFileReference; fileEncoding = 4; lastKnownFileType = sourcecode.swift; path = MarvelApiUtil.swift; sourceTree = "<group>"; };
/* End PBXFileReference section */

/* Begin PBXFrameworksBuildPhase section */
		6BBBC51C1DC4E2F800959365 /* Frameworks */ = {
			isa = PBXFrameworksBuildPhase;
			buildActionMask = 2147483647;
			files = (
			);
			runOnlyForDeploymentPostprocessing = 0;
		};
		6BBBC5301DC4E2F900959365 /* Frameworks */ = {
			isa = PBXFrameworksBuildPhase;
			buildActionMask = 2147483647;
			files = (
			);
			runOnlyForDeploymentPostprocessing = 0;
		};
/* End PBXFrameworksBuildPhase section */

/* Begin PBXGroup section */
		6BBBC5161DC4E2F800959365 = {
			isa = PBXGroup;
			children = (
				6BBBC5211DC4E2F900959365 /* marvel-api-test */,
				6BBBC5361DC4E2F900959365 /* marvel-api-testTests */,
				6BBBC5201DC4E2F800959365 /* Products */,
			);
			sourceTree = "<group>";
		};
		6BBBC5201DC4E2F800959365 /* Products */ = {
			isa = PBXGroup;
			children = (
				6BBBC51F1DC4E2F800959365 /* marvel-api-test.app */,
				6BBBC5331DC4E2F900959365 /* marvel-api-testTests.xctest */,
			);
			name = Products;
			sourceTree = "<group>";
		};
		6BBBC5211DC4E2F900959365 /* marvel-api-test */ = {
			isa = PBXGroup;
			children = (
				6BBBC5461DC4E39900959365 /* Views */,
				6BBBC5431DC4E36D00959365 /* Controllers */,
				6BBBC5421DC4E36200959365 /* Utils */,
				6BBBC5221DC4E2F900959365 /* AppDelegate.swift */,
				6BBBC5291DC4E2F900959365 /* Assets.xcassets */,
				6BBBC52B1DC4E2F900959365 /* LaunchScreen.storyboard */,
				6BBBC52E1DC4E2F900959365 /* Info.plist */,
				6B3F36021DC56CA500C189FE /* Keys.plist */,
			);
			path = "marvel-api-test";
			sourceTree = "<group>";
		};
		6BBBC5361DC4E2F900959365 /* marvel-api-testTests */ = {
			isa = PBXGroup;
			children = (
				6B3F35FD1DC561CD00C189FE /* test_marvel_util.swift */,
				6BBBC5391DC4E2F900959365 /* Info.plist */,
			);
			path = "marvel-api-testTests";
			sourceTree = "<group>";
		};
		6BBBC5421DC4E36200959365 /* Utils */ = {
			isa = PBXGroup;
			children = (
				6BBBC5441DC4E38900959365 /* MarvelApiUtil.swift */,
			);
			name = Utils;
			sourceTree = "<group>";
		};
		6BBBC5431DC4E36D00959365 /* Controllers */ = {
			isa = PBXGroup;
			children = (
				6BBBC5241DC4E2F900959365 /* ViewController.swift */,
			);
			name = Controllers;
			sourceTree = "<group>";
		};
		6BBBC5461DC4E39900959365 /* Views */ = {
			isa = PBXGroup;
			children = (
				6BBBC5261DC4E2F900959365 /* Main.storyboard */,
			);
			name = Views;
			sourceTree = "<group>";
		};
/* End PBXGroup section */

/* Begin PBXNativeTarget section */
		6BBBC51E1DC4E2F800959365 /* marvel-api-test */ = {
			isa = PBXNativeTarget;
			buildConfigurationList = 6BBBC53C1DC4E2F900959365 /* Build configuration list for PBXNativeTarget "marvel-api-test" */;
			buildPhases = (
				6BBBC51B1DC4E2F800959365 /* Sources */,
				6BBBC51C1DC4E2F800959365 /* Frameworks */,
				6BBBC51D1DC4E2F800959365 /* Resources */,
			);
			buildRules = (
			);
			dependencies = (
			);
			name = "marvel-api-test";
			productName = "marvel-api-test";
			productReference = 6BBBC51F1DC4E2F800959365 /* marvel-api-test.app */;
			productType = "com.apple.product-type.application";
		};
		6BBBC5321DC4E2F900959365 /* marvel-api-testTests */ = {
			isa = PBXNativeTarget;
			buildConfigurationList = 6BBBC53F1DC4E2F900959365 /* Build configuration list for PBXNativeTarget "marvel-api-testTests" */;
			buildPhases = (
				6BBBC52F1DC4E2F900959365 /* Sources */,
				6BBBC5301DC4E2F900959365 /* Frameworks */,
				6BBBC5311DC4E2F900959365 /* Resources */,
			);
			buildRules = (
			);
			dependencies = (
				6BBBC5351DC4E2F900959365 /* PBXTargetDependency */,
			);
			name = "marvel-api-testTests";
			productName = "marvel-api-testTests";
			productReference = 6BBBC5331DC4E2F900959365 /* marvel-api-testTests.xctest */;
			productType = "com.apple.product-type.bundle.unit-test";
		};
/* End PBXNativeTarget section */

/* Begin PBXProject section */
		6BBBC5171DC4E2F800959365 /* Project object */ = {
			isa = PBXProject;
			attributes = {
				LastSwiftUpdateCheck = 0730;
				LastUpgradeCheck = 0730;
				ORGANIZATIONNAME = "Diego Llamas Velasco";
				TargetAttributes = {
					6BBBC51E1DC4E2F800959365 = {
						CreatedOnToolsVersion = 7.3.1;
						LastSwiftMigration = 0810;
					};
					6BBBC5321DC4E2F900959365 = {
						CreatedOnToolsVersion = 7.3.1;
						LastSwiftMigration = 0810;
						TestTargetID = 6BBBC51E1DC4E2F800959365;
					};
				};
			};
			buildConfigurationList = 6BBBC51A1DC4E2F800959365 /* Build configuration list for PBXProject "marvel-api-test" */;
			compatibilityVersion = "Xcode 3.2";
			developmentRegion = English;
			hasScannedForEncodings = 0;
			knownRegions = (
				en,
				Base,
			);
			mainGroup = 6BBBC5161DC4E2F800959365;
			productRefGroup = 6BBBC5201DC4E2F800959365 /* Products */;
			projectDirPath = "";
			projectRoot = "";
			targets = (
				6BBBC51E1DC4E2F800959365 /* marvel-api-test */,
				6BBBC5321DC4E2F900959365 /* marvel-api-testTests */,
			);
		};
/* End PBXProject section */

/* Begin PBXResourcesBuildPhase section */
		6BBBC51D1DC4E2F800959365 /* Resources */ = {
			isa = PBXResourcesBuildPhase;
			buildActionMask = 2147483647;
			files = (
				6B3F36031DC56CA500C189FE /* Keys.plist in Resources */,
				6BBBC52D1DC4E2F900959365 /* LaunchScreen.storyboard in Resources */,
				6BBBC52A1DC4E2F900959365 /* Assets.xcassets in Resources */,
				6BBBC5281DC4E2F900959365 /* Main.storyboard in Resources */,
			);
			runOnlyForDeploymentPostprocessing = 0;
		};
		6BBBC5311DC4E2F900959365 /* Resources */ = {
			isa = PBXResourcesBuildPhase;
			buildActionMask = 2147483647;
			files = (
				6B3F36041DC56CA500C189FE /* Keys.plist in Resources */,
			);
			runOnlyForDeploymentPostprocessing = 0;
		};
/* End PBXResourcesBuildPhase section */

/* Begin PBXSourcesBuildPhase section */
		6BBBC51B1DC4E2F800959365 /* Sources */ = {
			isa = PBXSourcesBuildPhase;
			buildActionMask = 2147483647;
			files = (
				6BBBC5251DC4E2F900959365 /* ViewController.swift in Sources */,
				6BBBC5451DC4E38900959365 /* MarvelApiUtil.swift in Sources */,
				6BBBC5231DC4E2F900959365 /* AppDelegate.swift in Sources */,
			);
			runOnlyForDeploymentPostprocessing = 0;
		};
		6BBBC52F1DC4E2F900959365 /* Sources */ = {
			isa = PBXSourcesBuildPhase;
			buildActionMask = 2147483647;
			files = (
				6B3F35FE1DC561CD00C189FE /* test_marvel_util.swift in Sources */,
				6B3F36011DC569B500C189FE /* MarvelApiUtil.swift in Sources */,
			);
			runOnlyForDeploymentPostprocessing = 0;
		};
/* End PBXSourcesBuildPhase section */

/* Begin PBXTargetDependency section */
		6BBBC5351DC4E2F900959365 /* PBXTargetDependency */ = {
			isa = PBXTargetDependency;
			target = 6BBBC51E1DC4E2F800959365 /* marvel-api-test */;
			targetProxy = 6BBBC5341DC4E2F900959365 /* PBXContainerItemProxy */;
		};
/* End PBXTargetDependency section */

/* Begin PBXVariantGroup section */
		6BBBC5261DC4E2F900959365 /* Main.storyboard */ = {
			isa = PBXVariantGroup;
			children = (
				6BBBC5271DC4E2F900959365 /* Base */,
			);
			name = Main.storyboard;
			sourceTree = "<group>";
		};
		6BBBC52B1DC4E2F900959365 /* LaunchScreen.storyboard */ = {
			isa = PBXVariantGroup;
			children = (
				6BBBC52C1DC4E2F900959365 /* Base */,
			);
			name = LaunchScreen.storyboard;
			sourceTree = "<group>";
		};
/* End PBXVariantGroup section */

/* Begin XCBuildConfiguration section */
		6BBBC53A1DC4E2F900959365 /* Debug */ = {
			isa = XCBuildConfiguration;
			buildSettings = {
				ALWAYS_SEARCH_USER_PATHS = NO;
				CLANG_ANALYZER_NONNULL = YES;
				CLANG_CXX_LANGUAGE_STANDARD = "gnu++0x";
				CLANG_CXX_LIBRARY = "libc++";
				CLANG_ENABLE_MODULES = YES;
				CLANG_ENABLE_OBJC_ARC = YES;
				CLANG_WARN_BOOL_CONVERSION = YES;
				CLANG_WARN_CONSTANT_CONVERSION = YES;
				CLANG_WARN_DIRECT_OBJC_ISA_USAGE = YES_ERROR;
				CLANG_WARN_EMPTY_BODY = YES;
				CLANG_WARN_ENUM_CONVERSION = YES;
				CLANG_WARN_INFINITE_RECURSION = YES;
				CLANG_WARN_INT_CONVERSION = YES;
				CLANG_WARN_OBJC_ROOT_CLASS = YES_ERROR;
				CLANG_WARN_SUSPICIOUS_MOVE = YES;
				CLANG_WARN_UNREACHABLE_CODE = YES;
				CLANG_WARN__DUPLICATE_METHOD_MATCH = YES;
				"CODE_SIGN_IDENTITY[sdk=iphoneos*]" = "iPhone Developer";
				COPY_PHASE_STRIP = NO;
				DEBUG_INFORMATION_FORMAT = dwarf;
				ENABLE_STRICT_OBJC_MSGSEND = YES;
				ENABLE_TESTABILITY = YES;
				GCC_C_LANGUAGE_STANDARD = gnu99;
				GCC_DYNAMIC_NO_PIC = NO;
				GCC_NO_COMMON_BLOCKS = YES;
				GCC_OPTIMIZATION_LEVEL = 0;
				GCC_PREPROCESSOR_DEFINITIONS = (
					"DEBUG=1",
					"$(inherited)",
				);
				GCC_WARN_64_TO_32_BIT_CONVERSION = YES;
				GCC_WARN_ABOUT_RETURN_TYPE = YES_ERROR;
				GCC_WARN_UNDECLARED_SELECTOR = YES;
				GCC_WARN_UNINITIALIZED_AUTOS = YES_AGGRESSIVE;
				GCC_WARN_UNUSED_FUNCTION = YES;
				GCC_WARN_UNUSED_VARIABLE = YES;
				IPHONEOS_DEPLOYMENT_TARGET = 9.3;
				MTL_ENABLE_DEBUG_INFO = YES;
				ONLY_ACTIVE_ARCH = YES;
				SDKROOT = iphoneos;
				SWIFT_OPTIMIZATION_LEVEL = "-Onone";
				TARGETED_DEVICE_FAMILY = "1,2";
			};
			name = Debug;
		};
		6BBBC53B1DC4E2F900959365 /* Release */ = {
			isa = XCBuildConfiguration;
			buildSettings = {
				ALWAYS_SEARCH_USER_PATHS = NO;
				CLANG_ANALYZER_NONNULL = YES;
				CLANG_CXX_LANGUAGE_STANDARD = "gnu++0x";
				CLANG_CXX_LIBRARY = "libc++";
				CLANG_ENABLE_MODULES = YES;
				CLANG_ENABLE_OBJC_ARC = YES;
				CLANG_WARN_BOOL_CONVERSION = YES;
				CLANG_WARN_CONSTANT_CONVERSION = YES;
				CLANG_WARN_DIRECT_OBJC_ISA_USAGE = YES_ERROR;
				CLANG_WARN_EMPTY_BODY = YES;
				CLANG_WARN_ENUM_CONVERSION = YES;
				CLANG_WARN_INFINITE_RECURSION = YES;
				CLANG_WARN_INT_CONVERSION = YES;
				CLANG_WARN_OBJC_ROOT_CLASS = YES_ERROR;
				CLANG_WARN_SUSPICIOUS_MOVE = YES;
				CLANG_WARN_UNREACHABLE_CODE = YES;
				CLANG_WARN__DUPLICATE_METHOD_MATCH = YES;
				"CODE_SIGN_IDENTITY[sdk=iphoneos*]" = "iPhone Developer";
				COPY_PHASE_STRIP = NO;
				DEBUG_INFORMATION_FORMAT = "dwarf-with-dsym";
				ENABLE_NS_ASSERTIONS = NO;
				ENABLE_STRICT_OBJC_MSGSEND = YES;
				GCC_C_LANGUAGE_STANDARD = gnu99;
				GCC_NO_COMMON_BLOCKS = YES;
				GCC_WARN_64_TO_32_BIT_CONVERSION = YES;
				GCC_WARN_ABOUT_RETURN_TYPE = YES_ERROR;
				GCC_WARN_UNDECLARED_SELECTOR = YES;
				GCC_WARN_UNINITIALIZED_AUTOS = YES_AGGRESSIVE;
				GCC_WARN_UNUSED_FUNCTION = YES;
				GCC_WARN_UNUSED_VARIABLE = YES;
				IPHONEOS_DEPLOYMENT_TARGET = 9.3;
				MTL_ENABLE_DEBUG_INFO = NO;
				SDKROOT = iphoneos;
				SWIFT_OPTIMIZATION_LEVEL = "-Owholemodule";
				TARGETED_DEVICE_FAMILY = "1,2";
				VALIDATE_PRODUCT = YES;
			};
			name = Release;
		};
		6BBBC53D1DC4E2F900959365 /* Debug */ = {
			isa = XCBuildConfiguration;
			buildSettings = {
				ASSETCATALOG_COMPILER_APPICON_NAME = AppIcon;
				INFOPLIST_FILE = "marvel-api-test/Info.plist";
				LD_RUNPATH_SEARCH_PATHS = "$(inherited) @executable_path/Frameworks";
				PRODUCT_BUNDLE_IDENTIFIER = "com.thebitcorps.marvel-api-test";
				PRODUCT_NAME = "$(TARGET_NAME)";
				SWIFT_VERSION = 3.0;
			};
			name = Debug;
		};
		6BBBC53E1DC4E2F900959365 /* Release */ = {
			isa = XCBuildConfiguration;
			buildSettings = {
				ASSETCATALOG_COMPILER_APPICON_NAME = AppIcon;
				INFOPLIST_FILE = "marvel-api-test/Info.plist";
				LD_RUNPATH_SEARCH_PATHS = "$(inherited) @executable_path/Frameworks";
				PRODUCT_BUNDLE_IDENTIFIER = "com.thebitcorps.marvel-api-test";
				PRODUCT_NAME = "$(TARGET_NAME)";
				SWIFT_VERSION = 3.0;
			};
			name = Release;
		};
		6BBBC5401DC4E2F900959365 /* Debug */ = {
			isa = XCBuildConfiguration;
			buildSettings = {
				BUNDLE_LOADER = "$(TEST_HOST)";
				INFOPLIST_FILE = "marvel-api-testTests/Info.plist";
				LD_RUNPATH_SEARCH_PATHS = "$(inherited) @executable_path/Frameworks @loader_path/Frameworks";
				PRODUCT_BUNDLE_IDENTIFIER = "com.thebitcorps.marvel-api-testTests";
				PRODUCT_NAME = "$(TARGET_NAME)";
				SWIFT_VERSION = 3.0;
				TEST_HOST = "$(BUILT_PRODUCTS_DIR)/marvel-api-test.app/marvel-api-test";
			};
			name = Debug;
		};
		6BBBC5411DC4E2F900959365 /* Release */ = {
			isa = XCBuildConfiguration;
			buildSettings = {
				BUNDLE_LOADER = "$(TEST_HOST)";
				INFOPLIST_FILE = "marvel-api-testTests/Info.plist";
				LD_RUNPATH_SEARCH_PATHS = "$(inherited) @executable_path/Frameworks @loader_path/Frameworks";
				PRODUCT_BUNDLE_IDENTIFIER = "com.thebitcorps.marvel-api-testTests";
				PRODUCT_NAME = "$(TARGET_NAME)";
				SWIFT_VERSION = 3.0;
				TEST_HOST = "$(BUILT_PRODUCTS_DIR)/marvel-api-test.app/marvel-api-test";
			};
			name = Release;
		};
/* End XCBuildConfiguration section */

/* Begin XCConfigurationList section */
		6BBBC51A1DC4E2F800959365 /* Build configuration list for PBXProject "marvel-api-test" */ = {
			isa = XCConfigurationList;
			buildConfigurations = (
				6BBBC53A1DC4E2F900959365 /* Debug */,
				6BBBC53B1DC4E2F900959365 /* Release */,
			);
			defaultConfigurationIsVisible = 0;
			defaultConfigurationName = Release;
		};
		6BBBC53C1DC4E2F900959365 /* Build configuration list for PBXNativeTarget "marvel-api-test" */ = {
			isa = XCConfigurationList;
			buildConfigurations = (
				6BBBC53D1DC4E2F900959365 /* Debug */,
				6BBBC53E1DC4E2F900959365 /* Release */,
			);
			defaultConfigurationIsVisible = 0;
			defaultConfigurationName = Release;
		};
		6BBBC53F1DC4E2F900959365 /* Build configuration list for PBXNativeTarget "marvel-api-testTests" */ = {
			isa = XCConfigurationList;
			buildConfigurations = (
				6BBBC5401DC4E2F900959365 /* Debug */,
				6BBBC5411DC4E2F900959365 /* Release */,
			);
			defaultConfigurationIsVisible = 0;
			defaultConfigurationName = Release;
		};
/* End XCConfigurationList section */
	};
	rootObject = 6BBBC5171DC4E2F800959365 /* Project object */;
}
